
Microsoft Visual Studio Solution File, Format Version 12.00
# Visual Studio Version 16
VisualStudioVersion = 16.0.30114.105
MinimumVisualStudioVersion = 10.0.40219.1
Project("{9A19103F-16F7-4668-BE54-9A1E7A4F7556}") = "gettingstarted-aspnet-identity", "gettingstarted-aspnet-identity\gettingstarted-aspnet-identity.csproj", "{8881976C-FE2F-471D-B1FD-B1DD1F4BC5E3}"
EndProject
Project("{FAE04EC0-301F-11D3-BF4B-00C04F79EFBC}") = "EmailService", "EmailService\EmailService.csproj", "{6EF35BBC-B0C4-4CAB-84AF-85838A2216FC}"
EndProject
Global
	GlobalSection(SolutionConfigurationPlatforms) = preSolution
		Debug|Any CPU = Debug|Any CPU
		Release|Any CPU = Release|Any CPU
	EndGlobalSection
	GlobalSection(ProjectConfigurationPlatforms) = postSolution
		{8881976C-FE2F-471D-B1FD-B1DD1F4BC5E3}.Debug|Any CPU.ActiveCfg = Debug|Any CPU
		{8881976C-FE2F-471D-B1FD-B1DD1F4BC5E3}.Debug|Any CPU.Build.0 = Debug|Any CPU
		{8881976C-FE2F-471D-B1FD-B1DD1F4BC5E3}.Release|Any CPU.ActiveCfg = Release|Any CPU
		{8881976C-FE2F-471D-B1FD-B1DD1F4BC5E3}.Release|Any CPU.Build.0 = Release|Any CPU
		{6EF35BBC-B0C4-4CAB-84AF-85838A2216FC}.Debug|Any CPU.ActiveCfg = Debug|Any CPU
		{6EF35BBC-B0C4-4CAB-84AF-85838A2216FC}.Debug|Any CPU.Build.0 = Debug|Any CPU
		{6EF35BBC-B0C4-4CAB-84AF-85838A2216FC}.Release|Any CPU.ActiveCfg = Release|Any CPU
		{6EF35BBC-B0C4-4CAB-84AF-85838A2216FC}.Release|Any CPU.Build.0 = Release|Any CPU
	EndGlobalSection
	GlobalSection(SolutionProperties) = preSolution
		HideSolutionNode = FALSE
	EndGlobalSection
	GlobalSection(ExtensibilityGlobals) = postSolution
		SolutionGuid = {C99D83A5-04F4-4B03-B81D-02049BA3CEC5}
	EndGlobalSection
EndGlobal
